// !$*UTF8*$!
{
	archiveVersion = 1;
	classes = {
	};
	objectVersion = 46;
	objects = {

/* Begin PBXBuildFile section */
		11070B9F1D825F0300A05691 /* GoogleService-Info.plist in Resources */ = {isa = PBXBuildFile; fileRef = 11070B9E1D825F0300A05691 /* GoogleService-Info.plist */; };
		117546AE1D82B13100C9E934 /* HomeTabBarTableViewController.swift in Sources */ = {isa = PBXBuildFile; fileRef = 117546AD1D82B13100C9E934 /* HomeTabBarTableViewController.swift */; };
		117546B21D87A2CA00C9E934 /* StaticHomeCell.swift in Sources */ = {isa = PBXBuildFile; fileRef = 117546B11D87A2CA00C9E934 /* StaticHomeCell.swift */; };
		117546B61D87C7ED00C9E934 /* Image.swift in Sources */ = {isa = PBXBuildFile; fileRef = 117546B51D87C7ED00C9E934 /* Image.swift */; };
		117546B81D87DAB500C9E934 /* DataService.swift in Sources */ = {isa = PBXBuildFile; fileRef = 117546B71D87DAB500C9E934 /* DataService.swift */; };
		117546BC1D88EBA200C9E934 /* ImageCaptionViewController.swift in Sources */ = {isa = PBXBuildFile; fileRef = 117546BB1D88EBA200C9E934 /* ImageCaptionViewController.swift */; };
		11A01B9B1D81592D000FCE4B /* CameraViewController.swift in Sources */ = {isa = PBXBuildFile; fileRef = 11A01B9A1D81592D000FCE4B /* CameraViewController.swift */; };
		A48F96311D86624B009FD96D /* HomePageViewController.swift in Sources */ = {isa = PBXBuildFile; fileRef = A48F96301D86624B009FD96D /* HomePageViewController.swift */; };
		A48F96331D8665CC009FD96D /* DataService.swift in Sources */ = {isa = PBXBuildFile; fileRef = A48F96321D8665CC009FD96D /* DataService.swift */; };
		B52824E31D81096C00252A52 /* AppDelegate.swift in Sources */ = {isa = PBXBuildFile; fileRef = B52824E21D81096C00252A52 /* AppDelegate.swift */; };
		B52824E51D81096C00252A52 /* LoginViewController.swift in Sources */ = {isa = PBXBuildFile; fileRef = B52824E41D81096C00252A52 /* LoginViewController.swift */; };
		B52824E81D81096C00252A52 /* Main.storyboard in Resources */ = {isa = PBXBuildFile; fileRef = B52824E61D81096C00252A52 /* Main.storyboard */; };
		B52824EB1D81096C00252A52 /* cameraApp.xcdatamodeld in Sources */ = {isa = PBXBuildFile; fileRef = B52824E91D81096C00252A52 /* cameraApp.xcdatamodeld */; };
		B52824ED1D81096C00252A52 /* Assets.xcassets in Resources */ = {isa = PBXBuildFile; fileRef = B52824EC1D81096C00252A52 /* Assets.xcassets */; };
		B52824F01D81096C00252A52 /* LaunchScreen.storyboard in Resources */ = {isa = PBXBuildFile; fileRef = B52824EE1D81096C00252A52 /* LaunchScreen.storyboard */; };
		B52824FE1D8144EC00252A52 /* HomeTabPage.storyboard in Resources */ = {isa = PBXBuildFile; fileRef = B52824FD1D8144EC00252A52 /* HomeTabPage.storyboard */; };
		B52825001D8146D400252A52 /* CameraTabPage.storyboard in Resources */ = {isa = PBXBuildFile; fileRef = B52824FF1D8146D400252A52 /* CameraTabPage.storyboard */; };
		B52825021D8146F500252A52 /* LiveFeedTabPage.storyboard in Resources */ = {isa = PBXBuildFile; fileRef = B52825011D8146F500252A52 /* LiveFeedTabPage.storyboard */; };
		B52825041D81470300252A52 /* ProfileTabPage.storyboard in Resources */ = {isa = PBXBuildFile; fileRef = B52825031D81470300252A52 /* ProfileTabPage.storyboard */; };
		B52825081D8147DF00252A52 /* SearchTabPage.storyboard in Resources */ = {isa = PBXBuildFile; fileRef = B52825071D8147DF00252A52 /* SearchTabPage.storyboard */; };
		B55463241D816AF900502E05 /* CreateAccountViewController.swift in Sources */ = {isa = PBXBuildFile; fileRef = B55463231D816AF900502E05 /* CreateAccountViewController.swift */; };
		B55463281D82633B00502E05 /* User.swift in Sources */ = {isa = PBXBuildFile; fileRef = B55463271D82633B00502E05 /* User.swift */; };
		B554632A1D82706A00502E05 /* ForgotPasswordViewController.swift in Sources */ = {isa = PBXBuildFile; fileRef = B55463291D82706A00502E05 /* ForgotPasswordViewController.swift */; };
		DD38CE04B779B16504CF5760 /* Pods_cameraApp.framework in Frameworks */ = {isa = PBXBuildFile; fileRef = 83C2CD8786FE9A6A302F7DD2 /* Pods_cameraApp.framework */; };
/* End PBXBuildFile section */

/* Begin PBXFileReference section */
		11070B9E1D825F0300A05691 /* GoogleService-Info.plist */ = {isa = PBXFileReference; fileEncoding = 4; lastKnownFileType = text.plist.xml; path = "GoogleService-Info.plist"; sourceTree = "<group>"; };
		117546AD1D82B13100C9E934 /* HomeTabBarTableViewController.swift */ = {isa = PBXFileReference; fileEncoding = 4; lastKnownFileType = sourcecode.swift; path = HomeTabBarTableViewController.swift; sourceTree = "<group>"; };
		117546B11D87A2CA00C9E934 /* StaticHomeCell.swift */ = {isa = PBXFileReference; fileEncoding = 4; lastKnownFileType = sourcecode.swift; path = StaticHomeCell.swift; sourceTree = "<group>"; };
		117546B51D87C7ED00C9E934 /* Image.swift */ = {isa = PBXFileReference; fileEncoding = 4; lastKnownFileType = sourcecode.swift; path = Image.swift; sourceTree = "<group>"; };
		117546B71D87DAB500C9E934 /* DataService.swift */ = {isa = PBXFileReference; fileEncoding = 4; lastKnownFileType = sourcecode.swift; path = DataService.swift; sourceTree = "<group>"; };
		117546BB1D88EBA200C9E934 /* ImageCaptionViewController.swift */ = {isa = PBXFileReference; fileEncoding = 4; lastKnownFileType = sourcecode.swift; path = ImageCaptionViewController.swift; sourceTree = "<group>"; };
		11A01B9A1D81592D000FCE4B /* CameraViewController.swift */ = {isa = PBXFileReference; fileEncoding = 4; lastKnownFileType = sourcecode.swift; path = CameraViewController.swift; sourceTree = "<group>"; };
		7E3D340463228AF6F0473813 /* Pods-cameraApp.release.xcconfig */ = {isa = PBXFileReference; includeInIndex = 1; lastKnownFileType = text.xcconfig; name = "Pods-cameraApp.release.xcconfig"; path = "Pods/Target Support Files/Pods-cameraApp/Pods-cameraApp.release.xcconfig"; sourceTree = "<group>"; };
		83C2CD8786FE9A6A302F7DD2 /* Pods_cameraApp.framework */ = {isa = PBXFileReference; explicitFileType = wrapper.framework; includeInIndex = 0; path = Pods_cameraApp.framework; sourceTree = BUILT_PRODUCTS_DIR; };
		A48F96301D86624B009FD96D /* HomePageViewController.swift */ = {isa = PBXFileReference; fileEncoding = 4; lastKnownFileType = sourcecode.swift; path = HomePageViewController.swift; sourceTree = "<group>"; };
		A48F96321D8665CC009FD96D /* DataService.swift */ = {isa = PBXFileReference; fileEncoding = 4; lastKnownFileType = sourcecode.swift; path = DataService.swift; sourceTree = "<group>"; };
		B52824DF1D81096C00252A52 /* cameraApp.app */ = {isa = PBXFileReference; explicitFileType = wrapper.application; includeInIndex = 0; path = cameraApp.app; sourceTree = BUILT_PRODUCTS_DIR; };
		B52824E21D81096C00252A52 /* AppDelegate.swift */ = {isa = PBXFileReference; lastKnownFileType = sourcecode.swift; path = AppDelegate.swift; sourceTree = "<group>"; };
		B52824E41D81096C00252A52 /* LoginViewController.swift */ = {isa = PBXFileReference; lastKnownFileType = sourcecode.swift; path = LoginViewController.swift; sourceTree = "<group>"; };
		B52824E71D81096C00252A52 /* Base */ = {isa = PBXFileReference; lastKnownFileType = file.storyboard; name = Base; path = Base.lproj/Main.storyboard; sourceTree = "<group>"; };
		B52824EA1D81096C00252A52 /* cameraApp.xcdatamodel */ = {isa = PBXFileReference; lastKnownFileType = wrapper.xcdatamodel; path = cameraApp.xcdatamodel; sourceTree = "<group>"; };
		B52824EC1D81096C00252A52 /* Assets.xcassets */ = {isa = PBXFileReference; lastKnownFileType = folder.assetcatalog; path = Assets.xcassets; sourceTree = "<group>"; };
		B52824EF1D81096C00252A52 /* Base */ = {isa = PBXFileReference; lastKnownFileType = file.storyboard; name = Base; path = Base.lproj/LaunchScreen.storyboard; sourceTree = "<group>"; };
		B52824F11D81096C00252A52 /* Info.plist */ = {isa = PBXFileReference; lastKnownFileType = text.plist.xml; path = Info.plist; sourceTree = "<group>"; };
		B52824FD1D8144EC00252A52 /* HomeTabPage.storyboard */ = {isa = PBXFileReference; fileEncoding = 4; lastKnownFileType = file.storyboard; path = HomeTabPage.storyboard; sourceTree = "<group>"; };
		B52824FF1D8146D400252A52 /* CameraTabPage.storyboard */ = {isa = PBXFileReference; fileEncoding = 4; lastKnownFileType = file.storyboard; path = CameraTabPage.storyboard; sourceTree = "<group>"; };
		B52825011D8146F500252A52 /* LiveFeedTabPage.storyboard */ = {isa = PBXFileReference; fileEncoding = 4; lastKnownFileType = file.storyboard; path = LiveFeedTabPage.storyboard; sourceTree = "<group>"; };
		B52825031D81470300252A52 /* ProfileTabPage.storyboard */ = {isa = PBXFileReference; fileEncoding = 4; lastKnownFileType = file.storyboard; path = ProfileTabPage.storyboard; sourceTree = "<group>"; };
		B52825071D8147DF00252A52 /* SearchTabPage.storyboard */ = {isa = PBXFileReference; fileEncoding = 4; lastKnownFileType = file.storyboard; path = SearchTabPage.storyboard; sourceTree = "<group>"; };
		B55463231D816AF900502E05 /* CreateAccountViewController.swift */ = {isa = PBXFileReference; fileEncoding = 4; lastKnownFileType = sourcecode.swift; path = CreateAccountViewController.swift; sourceTree = "<group>"; };
		B55463251D816D2F00502E05 /* GoogleService-Info.plist */ = {isa = PBXFileReference; fileEncoding = 4; lastKnownFileType = text.plist.xml; path = "GoogleService-Info.plist"; sourceTree = "<group>"; };
		B55463271D82633B00502E05 /* User.swift */ = {isa = PBXFileReference; fileEncoding = 4; lastKnownFileType = sourcecode.swift; path = User.swift; sourceTree = "<group>"; };
		B55463291D82706A00502E05 /* ForgotPasswordViewController.swift */ = {isa = PBXFileReference; fileEncoding = 4; lastKnownFileType = sourcecode.swift; path = ForgotPasswordViewController.swift; sourceTree = "<group>"; };
		E6A3C9A1E389C3852EBBB489 /* Pods-cameraApp.debug.xcconfig */ = {isa = PBXFileReference; includeInIndex = 1; lastKnownFileType = text.xcconfig; name = "Pods-cameraApp.debug.xcconfig"; path = "Pods/Target Support Files/Pods-cameraApp/Pods-cameraApp.debug.xcconfig"; sourceTree = "<group>"; };
/* End PBXFileReference section */

/* Begin PBXFrameworksBuildPhase section */
		B52824DC1D81096C00252A52 /* Frameworks */ = {
			isa = PBXFrameworksBuildPhase;
			buildActionMask = 2147483647;
			files = (
				DD38CE04B779B16504CF5760 /* Pods_cameraApp.framework in Frameworks */,
			);
			runOnlyForDeploymentPostprocessing = 0;
		};
/* End PBXFrameworksBuildPhase section */

/* Begin PBXGroup section */
		356D3D5DE00D9B9F411EC327 /* Pods */ = {
			isa = PBXGroup;
			children = (
				E6A3C9A1E389C3852EBBB489 /* Pods-cameraApp.debug.xcconfig */,
				7E3D340463228AF6F0473813 /* Pods-cameraApp.release.xcconfig */,
			);
			name = Pods;
			sourceTree = "<group>";
		};
		B52824D61D81096C00252A52 = {
			isa = PBXGroup;
			children = (
				B52824E11D81096C00252A52 /* cameraApp */,
				B52824E01D81096C00252A52 /* Products */,
				356D3D5DE00D9B9F411EC327 /* Pods */,
				EDF11782D0275B8882316BAE /* Frameworks */,
			);
			sourceTree = "<group>";
		};
		B52824E01D81096C00252A52 /* Products */ = {
			isa = PBXGroup;
			children = (
				B52824DF1D81096C00252A52 /* cameraApp.app */,
			);
			name = Products;
			sourceTree = "<group>";
		};
		B52824E11D81096C00252A52 /* cameraApp */ = {
			isa = PBXGroup;
			children = (
				B52824E21D81096C00252A52 /* AppDelegate.swift */,
				B55463291D82706A00502E05 /* ForgotPasswordViewController.swift */,
				B52824E41D81096C00252A52 /* LoginViewController.swift */,
				B55463231D816AF900502E05 /* CreateAccountViewController.swift */,
				A48F96301D86624B009FD96D /* HomePageViewController.swift */,
				A48F96321D8665CC009FD96D /* DataService.swift */,
				B55463271D82633B00502E05 /* User.swift */,
				B52824E61D81096C00252A52 /* Main.storyboard */,
				B52824FD1D8144EC00252A52 /* HomeTabPage.storyboard */,
				117546B11D87A2CA00C9E934 /* StaticHomeCell.swift */,
				117546AD1D82B13100C9E934 /* HomeTabBarTableViewController.swift */,
				117546B51D87C7ED00C9E934 /* Image.swift */,
				B52824FF1D8146D400252A52 /* CameraTabPage.storyboard */,
				117546BB1D88EBA200C9E934 /* ImageCaptionViewController.swift */,
				11A01B9A1D81592D000FCE4B /* CameraViewController.swift */,
				B52825011D8146F500252A52 /* LiveFeedTabPage.storyboard */,
				B52825031D81470300252A52 /* ProfileTabPage.storyboard */,
				B52825071D8147DF00252A52 /* SearchTabPage.storyboard */,
				B55463251D816D2F00502E05 /* GoogleService-Info.plist */,
				B52824EC1D81096C00252A52 /* Assets.xcassets */,
				B52824EE1D81096C00252A52 /* LaunchScreen.storyboard */,
				B52824F11D81096C00252A52 /* Info.plist */,
				B52824E91D81096C00252A52 /* cameraApp.xcdatamodeld */,
			);
			path = cameraApp;
			sourceTree = "<group>";
		};
		EDF11782D0275B8882316BAE /* Frameworks */ = {
			isa = PBXGroup;
			children = (
				83C2CD8786FE9A6A302F7DD2 /* Pods_cameraApp.framework */,
			);
			name = Frameworks;
			sourceTree = "<group>";
		};
/* End PBXGroup section */

/* Begin PBXNativeTarget section */
		B52824DE1D81096C00252A52 /* cameraApp */ = {
			isa = PBXNativeTarget;
			buildConfigurationList = B52824F41D81096C00252A52 /* Build configuration list for PBXNativeTarget "cameraApp" */;
			buildPhases = (
				CCB947E8A8C5CD61CF0BDB69 /* [CP] Check Pods Manifest.lock */,
				B52824DB1D81096C00252A52 /* Sources */,
				B52824DC1D81096C00252A52 /* Frameworks */,
				B52824DD1D81096C00252A52 /* Resources */,
				F6809021725E0450FF26431A /* [CP] Embed Pods Frameworks */,
				AB5C8E55F4B1C20B0F67D430 /* [CP] Copy Pods Resources */,
			);
			buildRules = (
			);
			dependencies = (
			);
			name = cameraApp;
			productName = cameraApp;
			productReference = B52824DF1D81096C00252A52 /* cameraApp.app */;
			productType = "com.apple.product-type.application";
		};
/* End PBXNativeTarget section */

/* Begin PBXProject section */
		B52824D71D81096C00252A52 /* Project object */ = {
			isa = PBXProject;
			attributes = {
				LastSwiftUpdateCheck = 0730;
				LastUpgradeCheck = 0730;
				ORGANIZATIONNAME = "Raphael Lim";
				TargetAttributes = {
					B52824DE1D81096C00252A52 = {
						CreatedOnToolsVersion = 7.3.1;
						DevelopmentTeam = YXSP9UQVE9;
					};
				};
			};
			buildConfigurationList = B52824DA1D81096C00252A52 /* Build configuration list for PBXProject "cameraApp" */;
			compatibilityVersion = "Xcode 3.2";
			developmentRegion = English;
			hasScannedForEncodings = 0;
			knownRegions = (
				en,
				Base,
			);
			mainGroup = B52824D61D81096C00252A52;
			productRefGroup = B52824E01D81096C00252A52 /* Products */;
			projectDirPath = "";
			projectRoot = "";
			targets = (
				B52824DE1D81096C00252A52 /* cameraApp */,
			);
		};
/* End PBXProject section */

/* Begin PBXResourcesBuildPhase section */
		B52824DD1D81096C00252A52 /* Resources */ = {
			isa = PBXResourcesBuildPhase;
			buildActionMask = 2147483647;
			files = (
				B52824F01D81096C00252A52 /* LaunchScreen.storyboard in Resources */,
				B52825081D8147DF00252A52 /* SearchTabPage.storyboard in Resources */,
				11070B9F1D825F0300A05691 /* GoogleService-Info.plist in Resources */,
				B52825001D8146D400252A52 /* CameraTabPage.storyboard in Resources */,
				B52824ED1D81096C00252A52 /* Assets.xcassets in Resources */,
				B52825021D8146F500252A52 /* LiveFeedTabPage.storyboard in Resources */,
				B52824FE1D8144EC00252A52 /* HomeTabPage.storyboard in Resources */,
				B52824E81D81096C00252A52 /* Main.storyboard in Resources */,
				B52825041D81470300252A52 /* ProfileTabPage.storyboard in Resources */,
			);
			runOnlyForDeploymentPostprocessing = 0;
		};
/* End PBXResourcesBuildPhase section */

/* Begin PBXShellScriptBuildPhase section */
		AB5C8E55F4B1C20B0F67D430 /* [CP] Copy Pods Resources */ = {
			isa = PBXShellScriptBuildPhase;
			buildActionMask = 2147483647;
			files = (
			);
			inputPaths = (
			);
			name = "[CP] Copy Pods Resources";
			outputPaths = (
			);
			runOnlyForDeploymentPostprocessing = 0;
			shellPath = /bin/sh;
			shellScript = "\"${SRCROOT}/Pods/Target Support Files/Pods-cameraApp/Pods-cameraApp-resources.sh\"\n";
			showEnvVarsInLog = 0;
		};
		CCB947E8A8C5CD61CF0BDB69 /* [CP] Check Pods Manifest.lock */ = {
			isa = PBXShellScriptBuildPhase;
			buildActionMask = 2147483647;
			files = (
			);
			inputPaths = (
			);
			name = "[CP] Check Pods Manifest.lock";
			outputPaths = (
			);
			runOnlyForDeploymentPostprocessing = 0;
			shellPath = /bin/sh;
			shellScript = "diff \"${PODS_ROOT}/../Podfile.lock\" \"${PODS_ROOT}/Manifest.lock\" > /dev/null\nif [[ $? != 0 ]] ; then\n    cat << EOM\nerror: The sandbox is not in sync with the Podfile.lock. Run 'pod install' or update your CocoaPods installation.\nEOM\n    exit 1\nfi\n";
			showEnvVarsInLog = 0;
		};
		F6809021725E0450FF26431A /* [CP] Embed Pods Frameworks */ = {
			isa = PBXShellScriptBuildPhase;
			buildActionMask = 2147483647;
			files = (
			);
			inputPaths = (
			);
			name = "[CP] Embed Pods Frameworks";
			outputPaths = (
			);
			runOnlyForDeploymentPostprocessing = 0;
			shellPath = /bin/sh;
			shellScript = "\"${SRCROOT}/Pods/Target Support Files/Pods-cameraApp/Pods-cameraApp-frameworks.sh\"\n";
			showEnvVarsInLog = 0;
		};
/* End PBXShellScriptBuildPhase section */

/* Begin PBXSourcesBuildPhase section */
		B52824DB1D81096C00252A52 /* Sources */ = {
			isa = PBXSourcesBuildPhase;
			buildActionMask = 2147483647;
			files = (
				A48F96331D8665CC009FD96D /* DataService.swift in Sources */,
				B55463241D816AF900502E05 /* CreateAccountViewController.swift in Sources */,
				B52824E51D81096C00252A52 /* LoginViewController.swift in Sources */,
				117546BC1D88EBA200C9E934 /* ImageCaptionViewController.swift in Sources */,
				117546B21D87A2CA00C9E934 /* StaticHomeCell.swift in Sources */,
				117546AE1D82B13100C9E934 /* HomeTabBarTableViewController.swift in Sources */,
				B554632A1D82706A00502E05 /* ForgotPasswordViewController.swift in Sources */,
				11A01B9B1D81592D000FCE4B /* CameraViewController.swift in Sources */,
				A48F96311D86624B009FD96D /* HomePageViewController.swift in Sources */,
				B52824EB1D81096C00252A52 /* cameraApp.xcdatamodeld in Sources */,
				B55463281D82633B00502E05 /* User.swift in Sources */,
				B52824E31D81096C00252A52 /* AppDelegate.swift in Sources */,
				117546B61D87C7ED00C9E934 /* Image.swift in Sources */,
			);
			runOnlyForDeploymentPostprocessing = 0;
		};
/* End PBXSourcesBuildPhase section */

/* Begin PBXVariantGroup section */
		B52824E61D81096C00252A52 /* Main.storyboard */ = {
			isa = PBXVariantGroup;
			children = (
				B52824E71D81096C00252A52 /* Base */,
			);
			name = Main.storyboard;
			sourceTree = "<group>";
		};
		B52824EE1D81096C00252A52 /* LaunchScreen.storyboard */ = {
			isa = PBXVariantGroup;
			children = (
				B52824EF1D81096C00252A52 /* Base */,
			);
			name = LaunchScreen.storyboard;
			sourceTree = "<group>";
		};
/* End PBXVariantGroup section */

/* Begin XCBuildConfiguration section */
		B52824F21D81096C00252A52 /* Debug */ = {
			isa = XCBuildConfiguration;
			buildSettings = {
				ALWAYS_SEARCH_USER_PATHS = NO;
				CLANG_ANALYZER_NONNULL = YES;
				CLANG_CXX_LANGUAGE_STANDARD = "gnu++0x";
				CLANG_CXX_LIBRARY = "libc++";
				CLANG_ENABLE_MODULES = YES;
				CLANG_ENABLE_OBJC_ARC = YES;
				CLANG_WARN_BOOL_CONVERSION = YES;
				CLANG_WARN_CONSTANT_CONVERSION = YES;
				CLANG_WARN_DIRECT_OBJC_ISA_USAGE = YES_ERROR;
				CLANG_WARN_EMPTY_BODY = YES;
				CLANG_WARN_ENUM_CONVERSION = YES;
				CLANG_WARN_INT_CONVERSION = YES;
				CLANG_WARN_OBJC_ROOT_CLASS = YES_ERROR;
				CLANG_WARN_UNREACHABLE_CODE = YES;
				CLANG_WARN__DUPLICATE_METHOD_MATCH = YES;
				"CODE_SIGN_IDENTITY[sdk=iphoneos*]" = "iPhone Developer";
				COPY_PHASE_STRIP = NO;
				DEBUG_INFORMATION_FORMAT = dwarf;
				ENABLE_STRICT_OBJC_MSGSEND = YES;
				ENABLE_TESTABILITY = YES;
				GCC_C_LANGUAGE_STANDARD = gnu99;
				GCC_DYNAMIC_NO_PIC = NO;
				GCC_NO_COMMON_BLOCKS = YES;
				GCC_OPTIMIZATION_LEVEL = 0;
				GCC_PREPROCESSOR_DEFINITIONS = (
					"DEBUG=1",
					"$(inherited)",
				);
				GCC_WARN_64_TO_32_BIT_CONVERSION = YES;
				GCC_WARN_ABOUT_RETURN_TYPE = YES_ERROR;
				GCC_WARN_UNDECLARED_SELECTOR = YES;
				GCC_WARN_UNINITIALIZED_AUTOS = YES_AGGRESSIVE;
				GCC_WARN_UNUSED_FUNCTION = YES;
				GCC_WARN_UNUSED_VARIABLE = YES;
				IPHONEOS_DEPLOYMENT_TARGET = 9.3;
				MTL_ENABLE_DEBUG_INFO = YES;
				ONLY_ACTIVE_ARCH = YES;
				SDKROOT = iphoneos;
				SWIFT_OPTIMIZATION_LEVEL = "-Onone";
				TARGETED_DEVICE_FAMILY = "1,2";
			};
			name = Debug;
		};
		B52824F31D81096C00252A52 /* Release */ = {
			isa = XCBuildConfiguration;
			buildSettings = {
				ALWAYS_SEARCH_USER_PATHS = NO;
				CLANG_ANALYZER_NONNULL = YES;
				CLANG_CXX_LANGUAGE_STANDARD = "gnu++0x";
				CLANG_CXX_LIBRARY = "libc++";
				CLANG_ENABLE_MODULES = YES;
				CLANG_ENABLE_OBJC_ARC = YES;
				CLANG_WARN_BOOL_CONVERSION = YES;
				CLANG_WARN_CONSTANT_CONVERSION = YES;
				CLANG_WARN_DIRECT_OBJC_ISA_USAGE = YES_ERROR;
				CLANG_WARN_EMPTY_BODY = YES;
				CLANG_WARN_ENUM_CONVERSION = YES;
				CLANG_WARN_INT_CONVERSION = YES;
				CLANG_WARN_OBJC_ROOT_CLASS = YES_ERROR;
				CLANG_WARN_UNREACHABLE_CODE = YES;
				CLANG_WARN__DUPLICATE_METHOD_MATCH = YES;
				"CODE_SIGN_IDENTITY[sdk=iphoneos*]" = "iPhone Developer";
				COPY_PHASE_STRIP = NO;
				DEBUG_INFORMATION_FORMAT = "dwarf-with-dsym";
				ENABLE_NS_ASSERTIONS = NO;
				ENABLE_STRICT_OBJC_MSGSEND = YES;
				GCC_C_LANGUAGE_STANDARD = gnu99;
				GCC_NO_COMMON_BLOCKS = YES;
				GCC_WARN_64_TO_32_BIT_CONVERSION = YES;
				GCC_WARN_ABOUT_RETURN_TYPE = YES_ERROR;
				GCC_WARN_UNDECLARED_SELECTOR = YES;
				GCC_WARN_UNINITIALIZED_AUTOS = YES_AGGRESSIVE;
				GCC_WARN_UNUSED_FUNCTION = YES;
				GCC_WARN_UNUSED_VARIABLE = YES;
				IPHONEOS_DEPLOYMENT_TARGET = 9.3;
				MTL_ENABLE_DEBUG_INFO = NO;
				SDKROOT = iphoneos;
				TARGETED_DEVICE_FAMILY = "1,2";
				VALIDATE_PRODUCT = YES;
			};
			name = Release;
		};
		B52824F51D81096C00252A52 /* Debug */ = {
			isa = XCBuildConfiguration;
			baseConfigurationReference = E6A3C9A1E389C3852EBBB489 /* Pods-cameraApp.debug.xcconfig */;
			buildSettings = {
				ASSETCATALOG_COMPILER_APPICON_NAME = AppIcon;
				ASSETCATALOG_COMPILER_LAUNCHIMAGE_NAME = "Brand Assets";
				CODE_SIGN_IDENTITY = "iPhone Developer";
				"CODE_SIGN_IDENTITY[sdk=iphoneos*]" = "iPhone Developer";
				INFOPLIST_FILE = cameraApp/Info.plist;
				LD_RUNPATH_SEARCH_PATHS = "$(inherited) @executable_path/Frameworks";
				PRODUCT_BUNDLE_IDENTIFIER = com.raphaellim.cameraApp;
				PRODUCT_NAME = "$(TARGET_NAME)";
				PROVISIONING_PROFILE = "";
			};
			name = Debug;
		};
		B52824F61D81096C00252A52 /* Release */ = {
			isa = XCBuildConfiguration;
			baseConfigurationReference = 7E3D340463228AF6F0473813 /* Pods-cameraApp.release.xcconfig */;
			buildSettings = {
				ASSETCATALOG_COMPILER_APPICON_NAME = AppIcon;
				ASSETCATALOG_COMPILER_LAUNCHIMAGE_NAME = "Brand Assets";
				CODE_SIGN_IDENTITY = "iPhone Developer";
				"CODE_SIGN_IDENTITY[sdk=iphoneos*]" = "iPhone Developer";
				INFOPLIST_FILE = cameraApp/Info.plist;
				LD_RUNPATH_SEARCH_PATHS = "$(inherited) @executable_path/Frameworks";
				PRODUCT_BUNDLE_IDENTIFIER = com.raphaellim.cameraApp;
				PRODUCT_NAME = "$(TARGET_NAME)";
				PROVISIONING_PROFILE = "";
			};
			name = Release;
		};
/* End XCBuildConfiguration section */

/* Begin XCConfigurationList section */
		B52824DA1D81096C00252A52 /* Build configuration list for PBXProject "cameraApp" */ = {
			isa = XCConfigurationList;
			buildConfigurations = (
				B52824F21D81096C00252A52 /* Debug */,
				B52824F31D81096C00252A52 /* Release */,
			);
			defaultConfigurationIsVisible = 0;
			defaultConfigurationName = Release;
		};
		B52824F41D81096C00252A52 /* Build configuration list for PBXNativeTarget "cameraApp" */ = {
			isa = XCConfigurationList;
			buildConfigurations = (
				B52824F51D81096C00252A52 /* Debug */,
				B52824F61D81096C00252A52 /* Release */,
			);
			defaultConfigurationIsVisible = 0;
			defaultConfigurationName = Release;
		};
/* End XCConfigurationList section */

/* Begin XCVersionGroup section */
		B52824E91D81096C00252A52 /* cameraApp.xcdatamodeld */ = {
			isa = XCVersionGroup;
			children = (
				B52824EA1D81096C00252A52 /* cameraApp.xcdatamodel */,
			);
			currentVersion = B52824EA1D81096C00252A52 /* cameraApp.xcdatamodel */;
			path = cameraApp.xcdatamodeld;
			sourceTree = "<group>";
			versionGroupType = wrapper.xcdatamodel;
		};
/* End XCVersionGroup section */
	};
	rootObject = B52824D71D81096C00252A52 /* Project object */;
}
